// !$*UTF8*$!
{
	archiveVersion = 1;
	classes = {
	};
	objectVersion = 46;
	objects = {

/* Begin PBXBuildFile section */
		9957BE421D093F34009EAE38 /* main.m in Sources */ = {isa = PBXBuildFile; fileRef = 9957BE411D093F34009EAE38 /* main.m */; };
		9957BE451D093F34009EAE38 /* AppDelegate.m in Sources */ = {isa = PBXBuildFile; fileRef = 9957BE441D093F34009EAE38 /* AppDelegate.m */; };
		9957BE481D093F34009EAE38 /* ViewController.m in Sources */ = {isa = PBXBuildFile; fileRef = 9957BE471D093F34009EAE38 /* ViewController.m */; };
		9957BE4B1D093F34009EAE38 /* Main.storyboard in Resources */ = {isa = PBXBuildFile; fileRef = 9957BE491D093F34009EAE38 /* Main.storyboard */; };
		9957BE4D1D093F34009EAE38 /* Assets.xcassets in Resources */ = {isa = PBXBuildFile; fileRef = 9957BE4C1D093F34009EAE38 /* Assets.xcassets */; };
		9957BE501D093F35009EAE38 /* LaunchScreen.storyboard in Resources */ = {isa = PBXBuildFile; fileRef = 9957BE4E1D093F35009EAE38 /* LaunchScreen.storyboard */; };
		9957BE5B1D093F35009EAE38 /* firstDemoProjectTests.m in Sources */ = {isa = PBXBuildFile; fileRef = 9957BE5A1D093F35009EAE38 /* firstDemoProjectTests.m */; };
		9957BE661D093F35009EAE38 /* firstDemoProjectUITests.m in Sources */ = {isa = PBXBuildFile; fileRef = 9957BE651D093F35009EAE38 /* firstDemoProjectUITests.m */; };
/* End PBXBuildFile section */

/* Begin PBXContainerItemProxy section */
		9957BE571D093F35009EAE38 /* PBXContainerItemProxy */ = {
			isa = PBXContainerItemProxy;
			containerPortal = 9957BE351D093F34009EAE38 /* Project object */;
			proxyType = 1;
			remoteGlobalIDString = 9957BE3C1D093F34009EAE38;
			remoteInfo = firstDemoProject;
		};
		9957BE621D093F35009EAE38 /* PBXContainerItemProxy */ = {
			isa = PBXContainerItemProxy;
			containerPortal = 9957BE351D093F34009EAE38 /* Project object */;
			proxyType = 1;
			remoteGlobalIDString = 9957BE3C1D093F34009EAE38;
			remoteInfo = firstDemoProject;
		};
/* End PBXContainerItemProxy section */

/* Begin PBXFileReference section */
		9957BE3D1D093F34009EAE38 /* firstDemoProject.app */ = {isa = PBXFileReference; explicitFileType = wrapper.application; includeInIndex = 0; path = firstDemoProject.app; sourceTree = BUILT_PRODUCTS_DIR; };
		9957BE411D093F34009EAE38 /* main.m */ = {isa = PBXFileReference; lastKnownFileType = sourcecode.c.objc; path = main.m; sourceTree = "<group>"; };
		9957BE431D093F34009EAE38 /* AppDelegate.h */ = {isa = PBXFileReference; lastKnownFileType = sourcecode.c.h; path = AppDelegate.h; sourceTree = "<group>"; };
		9957BE441D093F34009EAE38 /* AppDelegate.m */ = {isa = PBXFileReference; lastKnownFileType = sourcecode.c.objc; path = AppDelegate.m; sourceTree = "<group>"; };
		9957BE461D093F34009EAE38 /* ViewController.h */ = {isa = PBXFileReference; lastKnownFileType = sourcecode.c.h; path = ViewController.h; sourceTree = "<group>"; };
		9957BE471D093F34009EAE38 /* ViewController.m */ = {isa = PBXFileReference; lastKnownFileType = sourcecode.c.objc; path = ViewController.m; sourceTree = "<group>"; };
		9957BE4A1D093F34009EAE38 /* Base */ = {isa = PBXFileReference; lastKnownFileType = file.storyboard; name = Base; path = Base.lproj/Main.storyboard; sourceTree = "<group>"; };
		9957BE4C1D093F34009EAE38 /* Assets.xcassets */ = {isa = PBXFileReference; lastKnownFileType = folder.assetcatalog; path = Assets.xcassets; sourceTree = "<group>"; };
		9957BE4F1D093F35009EAE38 /* Base */ = {isa = PBXFileReference; lastKnownFileType = file.storyboard; name = Base; path = Base.lproj/LaunchScreen.storyboard; sourceTree = "<group>"; };
		9957BE511D093F35009EAE38 /* Info.plist */ = {isa = PBXFileReference; lastKnownFileType = text.plist.xml; path = Info.plist; sourceTree = "<group>"; };
		9957BE561D093F35009EAE38 /* firstDemoProjectTests.xctest */ = {isa = PBXFileReference; explicitFileType = wrapper.cfbundle; includeInIndex = 0; path = firstDemoProjectTests.xctest; sourceTree = BUILT_PRODUCTS_DIR; };
		9957BE5A1D093F35009EAE38 /* firstDemoProjectTests.m */ = {isa = PBXFileReference; lastKnownFileType = sourcecode.c.objc; path = firstDemoProjectTests.m; sourceTree = "<group>"; };
		9957BE5C1D093F35009EAE38 /* Info.plist */ = {isa = PBXFileReference; lastKnownFileType = text.plist.xml; path = Info.plist; sourceTree = "<group>"; };
		9957BE611D093F35009EAE38 /* firstDemoProjectUITests.xctest */ = {isa = PBXFileReference; explicitFileType = wrapper.cfbundle; includeInIndex = 0; path = firstDemoProjectUITests.xctest; sourceTree = BUILT_PRODUCTS_DIR; };
		9957BE651D093F35009EAE38 /* firstDemoProjectUITests.m */ = {isa = PBXFileReference; lastKnownFileType = sourcecode.c.objc; path = firstDemoProjectUITests.m; sourceTree = "<group>"; };
		9957BE671D093F35009EAE38 /* Info.plist */ = {isa = PBXFileReference; lastKnownFileType = text.plist.xml; path = Info.plist; sourceTree = "<group>"; };
/* End PBXFileReference section */

/* Begin PBXFrameworksBuildPhase section */
		9957BE3A1D093F34009EAE38 /* Frameworks */ = {
			isa = PBXFrameworksBuildPhase;
			buildActionMask = 2147483647;
			files = (
			);
			runOnlyForDeploymentPostprocessing = 0;
		};
		9957BE531D093F35009EAE38 /* Frameworks */ = {
			isa = PBXFrameworksBuildPhase;
			buildActionMask = 2147483647;
			files = (
			);
			runOnlyForDeploymentPostprocessing = 0;
		};
		9957BE5E1D093F35009EAE38 /* Frameworks */ = {
			isa = PBXFrameworksBuildPhase;
			buildActionMask = 2147483647;
			files = (
			);
			runOnlyForDeploymentPostprocessing = 0;
		};
/* End PBXFrameworksBuildPhase section */

/* Begin PBXGroup section */
		9957BE341D093F34009EAE38 = {
			isa = PBXGroup;
			children = (
				9957BE3F1D093F34009EAE38 /* firstDemoProject */,
				9957BE591D093F35009EAE38 /* firstDemoProjectTests */,
				9957BE641D093F35009EAE38 /* firstDemoProjectUITests */,
				9957BE3E1D093F34009EAE38 /* Products */,
			);
			sourceTree = "<group>";
		};
		9957BE3E1D093F34009EAE38 /* Products */ = {
			isa = PBXGroup;
			children = (
				9957BE3D1D093F34009EAE38 /* firstDemoProject.app */,
				9957BE561D093F35009EAE38 /* firstDemoProjectTests.xctest */,
				9957BE611D093F35009EAE38 /* firstDemoProjectUITests.xctest */,
			);
			name = Products;
			sourceTree = "<group>";
		};
		9957BE3F1D093F34009EAE38 /* firstDemoProject */ = {
			isa = PBXGroup;
			children = (
				9957BE431D093F34009EAE38 /* AppDelegate.h */,
				9957BE441D093F34009EAE38 /* AppDelegate.m */,
				9957BE461D093F34009EAE38 /* ViewController.h */,
				9957BE471D093F34009EAE38 /* ViewController.m */,
				9957BE491D093F34009EAE38 /* Main.storyboard */,
				9957BE4C1D093F34009EAE38 /* Assets.xcassets */,
				9957BE4E1D093F35009EAE38 /* LaunchScreen.storyboard */,
				9957BE511D093F35009EAE38 /* Info.plist */,
				9957BE401D093F34009EAE38 /* Supporting Files */,
			);
			path = firstDemoProject;
			sourceTree = "<group>";
		};
		9957BE401D093F34009EAE38 /* Supporting Files */ = {
			isa = PBXGroup;
			children = (
				9957BE411D093F34009EAE38 /* main.m */,
			);
			name = "Supporting Files";
			sourceTree = "<group>";
		};
		9957BE591D093F35009EAE38 /* firstDemoProjectTests */ = {
			isa = PBXGroup;
			children = (
				9957BE5A1D093F35009EAE38 /* firstDemoProjectTests.m */,
				9957BE5C1D093F35009EAE38 /* Info.plist */,
			);
			path = firstDemoProjectTests;
			sourceTree = "<group>";
		};
		9957BE641D093F35009EAE38 /* firstDemoProjectUITests */ = {
			isa = PBXGroup;
			children = (
				9957BE651D093F35009EAE38 /* firstDemoProjectUITests.m */,
				9957BE671D093F35009EAE38 /* Info.plist */,
			);
			path = firstDemoProjectUITests;
			sourceTree = "<group>";
		};
/* End PBXGroup section */

/* Begin PBXNativeTarget section */
		9957BE3C1D093F34009EAE38 /* firstDemoProject */ = {
			isa = PBXNativeTarget;
			buildConfigurationList = 9957BE6A1D093F35009EAE38 /* Build configuration list for PBXNativeTarget "firstDemoProject" */;
			buildPhases = (
				9957BE391D093F34009EAE38 /* Sources */,
				9957BE3A1D093F34009EAE38 /* Frameworks */,
				9957BE3B1D093F34009EAE38 /* Resources */,
			);
			buildRules = (
			);
			dependencies = (
			);
			name = firstDemoProject;
			productName = firstDemoProject;
			productReference = 9957BE3D1D093F34009EAE38 /* firstDemoProject.app */;
			productType = "com.apple.product-type.application";
		};
		9957BE551D093F35009EAE38 /* firstDemoProjectTests */ = {
			isa = PBXNativeTarget;
			buildConfigurationList = 9957BE6D1D093F35009EAE38 /* Build configuration list for PBXNativeTarget "firstDemoProjectTests" */;
			buildPhases = (
				9957BE521D093F35009EAE38 /* Sources */,
				9957BE531D093F35009EAE38 /* Frameworks */,
				9957BE541D093F35009EAE38 /* Resources */,
			);
			buildRules = (
			);
			dependencies = (
				9957BE581D093F35009EAE38 /* PBXTargetDependency */,
			);
			name = firstDemoProjectTests;
			productName = firstDemoProjectTests;
			productReference = 9957BE561D093F35009EAE38 /* firstDemoProjectTests.xctest */;
			productType = "com.apple.product-type.bundle.unit-test";
		};
		9957BE601D093F35009EAE38 /* firstDemoProjectUITests */ = {
			isa = PBXNativeTarget;
			buildConfigurationList = 9957BE701D093F35009EAE38 /* Build configuration list for PBXNativeTarget "firstDemoProjectUITests" */;
			buildPhases = (
				9957BE5D1D093F35009EAE38 /* Sources */,
				9957BE5E1D093F35009EAE38 /* Frameworks */,
				9957BE5F1D093F35009EAE38 /* Resources */,
			);
			buildRules = (
			);
			dependencies = (
				9957BE631D093F35009EAE38 /* PBXTargetDependency */,
			);
			name = firstDemoProjectUITests;
			productName = firstDemoProjectUITests;
			productReference = 9957BE611D093F35009EAE38 /* firstDemoProjectUITests.xctest */;
			productType = "com.apple.product-type.bundle.ui-testing";
		};
/* End PBXNativeTarget section */

/* Begin PBXProject section */
		9957BE351D093F34009EAE38 /* Project object */ = {
			isa = PBXProject;
			attributes = {
				LastUpgradeCheck = 0730;
				ORGANIZATIONNAME = ambab;
				TargetAttributes = {
					9957BE3C1D093F34009EAE38 = {
						CreatedOnToolsVersion = 7.3.1;
					};
					9957BE551D093F35009EAE38 = {
						CreatedOnToolsVersion = 7.3.1;
						TestTargetID = 9957BE3C1D093F34009EAE38;
					};
					9957BE601D093F35009EAE38 = {
						CreatedOnToolsVersion = 7.3.1;
						TestTargetID = 9957BE3C1D093F34009EAE38;
					};
				};
			};
			buildConfigurationList = 9957BE381D093F34009EAE38 /* Build configuration list for PBXProject "firstDemoProject" */;
			compatibilityVersion = "Xcode 3.2";
			developmentRegion = English;
			hasScannedForEncodings = 0;
			knownRegions = (
				en,
				Base,
			);
			mainGroup = 9957BE341D093F34009EAE38;
			productRefGroup = 9957BE3E1D093F34009EAE38 /* Products */;
			projectDirPath = "";
			projectRoot = "";
			targets = (
				9957BE3C1D093F34009EAE38 /* firstDemoProject */,
				9957BE551D093F35009EAE38 /* firstDemoProjectTests */,
				9957BE601D093F35009EAE38 /* firstDemoProjectUITests */,
			);
		};
/* End PBXProject section */

/* Begin PBXResourcesBuildPhase section */
		9957BE3B1D093F34009EAE38 /* Resources */ = {
			isa = PBXResourcesBuildPhase;
			buildActionMask = 2147483647;
			files = (
				9957BE501D093F35009EAE38 /* LaunchScreen.storyboard in Resources */,
				9957BE4D1D093F34009EAE38 /* Assets.xcassets in Resources */,
				9957BE4B1D093F34009EAE38 /* Main.storyboard in Resources */,
			);
			runOnlyForDeploymentPostprocessing = 0;
		};
		9957BE541D093F35009EAE38 /* Resources */ = {
			isa = PBXResourcesBuildPhase;
			buildActionMask = 2147483647;
			files = (
			);
			runOnlyForDeploymentPostprocessing = 0;
		};
		9957BE5F1D093F35009EAE38 /* Resources */ = {
			isa = PBXResourcesBuildPhase;
			buildActionMask = 2147483647;
			files = (
			);
			runOnlyForDeploymentPostprocessing = 0;
		};
/* End PBXResourcesBuildPhase section */

/* Begin PBXSourcesBuildPhase section */
		9957BE391D093F34009EAE38 /* Sources */ = {
			isa = PBXSourcesBuildPhase;
			buildActionMask = 2147483647;
			files = (
				9957BE481D093F34009EAE38 /* ViewController.m in Sources */,
				9957BE451D093F34009EAE38 /* AppDelegate.m in Sources */,
				9957BE421D093F34009EAE38 /* main.m in Sources */,
			);
			runOnlyForDeploymentPostprocessing = 0;
		};
		9957BE521D093F35009EAE38 /* Sources */ = {
			isa = PBXSourcesBuildPhase;
			buildActionMask = 2147483647;
			files = (
				9957BE5B1D093F35009EAE38 /* firstDemoProjectTests.m in Sources */,
			);
			runOnlyForDeploymentPostprocessing = 0;
		};
		9957BE5D1D093F35009EAE38 /* Sources */ = {
			isa = PBXSourcesBuildPhase;
			buildActionMask = 2147483647;
			files = (
				9957BE661D093F35009EAE38 /* firstDemoProjectUITests.m in Sources */,
			);
			runOnlyForDeploymentPostprocessing = 0;
		};
/* End PBXSourcesBuildPhase section */

/* Begin PBXTargetDependency section */
		9957BE581D093F35009EAE38 /* PBXTargetDependency */ = {
			isa = PBXTargetDependency;
			target = 9957BE3C1D093F34009EAE38 /* firstDemoProject */;
			targetProxy = 9957BE571D093F35009EAE38 /* PBXContainerItemProxy */;
		};
		9957BE631D093F35009EAE38 /* PBXTargetDependency */ = {
			isa = PBXTargetDependency;
			target = 9957BE3C1D093F34009EAE38 /* firstDemoProject */;
			targetProxy = 9957BE621D093F35009EAE38 /* PBXContainerItemProxy */;
		};
/* End PBXTargetDependency section */

/* Begin PBXVariantGroup section */
		9957BE491D093F34009EAE38 /* Main.storyboard */ = {
			isa = PBXVariantGroup;
			children = (
				9957BE4A1D093F34009EAE38 /* Base */,
			);
			name = Main.storyboard;
			sourceTree = "<group>";
		};
		9957BE4E1D093F35009EAE38 /* LaunchScreen.storyboard */ = {
			isa = PBXVariantGroup;
			children = (
				9957BE4F1D093F35009EAE38 /* Base */,
			);
			name = LaunchScreen.storyboard;
			sourceTree = "<group>";
		};
/* End PBXVariantGroup section */

/* Begin XCBuildConfiguration section */
		9957BE681D093F35009EAE38 /* Debug */ = {
			isa = XCBuildConfiguration;
			buildSettings = {
				ALWAYS_SEARCH_USER_PATHS = NO;
				CLANG_ANALYZER_NONNULL = YES;
				CLANG_CXX_LANGUAGE_STANDARD = "gnu++0x";
				CLANG_CXX_LIBRARY = "libc++";
				CLANG_ENABLE_MODULES = YES;
				CLANG_ENABLE_OBJC_ARC = YES;
				CLANG_WARN_BOOL_CONVERSION = YES;
				CLANG_WARN_CONSTANT_CONVERSION = YES;
				CLANG_WARN_DIRECT_OBJC_ISA_USAGE = YES_ERROR;
				CLANG_WARN_EMPTY_BODY = YES;
				CLANG_WARN_ENUM_CONVERSION = YES;
				CLANG_WARN_INT_CONVERSION = YES;
				CLANG_WARN_OBJC_ROOT_CLASS = YES_ERROR;
				CLANG_WARN_UNREACHABLE_CODE = YES;
				CLANG_WARN__DUPLICATE_METHOD_MATCH = YES;
				"CODE_SIGN_IDENTITY[sdk=iphoneos*]" = "iPhone Developer";
				COPY_PHASE_STRIP = NO;
				DEBUG_INFORMATION_FORMAT = dwarf;
				ENABLE_STRICT_OBJC_MSGSEND = YES;
				ENABLE_TESTABILITY = YES;
				GCC_C_LANGUAGE_STANDARD = gnu99;
				GCC_DYNAMIC_NO_PIC = NO;
				GCC_NO_COMMON_BLOCKS = YES;
				GCC_OPTIMIZATION_LEVEL = 0;
				GCC_PREPROCESSOR_DEFINITIONS = (
					"DEBUG=1",
					"$(inherited)",
				);
				GCC_WARN_64_TO_32_BIT_CONVERSION = YES;
				GCC_WARN_ABOUT_RETURN_TYPE = YES_ERROR;
				GCC_WARN_UNDECLARED_SELECTOR = YES;
				GCC_WARN_UNINITIALIZED_AUTOS = YES_AGGRESSIVE;
				GCC_WARN_UNUSED_FUNCTION = YES;
				GCC_WARN_UNUSED_VARIABLE = YES;
				IPHONEOS_DEPLOYMENT_TARGET = 9.3;
				MTL_ENABLE_DEBUG_INFO = YES;
				ONLY_ACTIVE_ARCH = YES;
				SDKROOT = iphoneos;
				TARGETED_DEVICE_FAMILY = "1,2";
			};
			name = Debug;
		};
		9957BE691D093F35009EAE38 /* Release */ = {
			isa = XCBuildConfiguration;
			buildSettings = {
				ALWAYS_SEARCH_USER_PATHS = NO;
				CLANG_ANALYZER_NONNULL = YES;
				CLANG_CXX_LANGUAGE_STANDARD = "gnu++0x";
				CLANG_CXX_LIBRARY = "libc++";
				CLANG_ENABLE_MODULES = YES;
				CLANG_ENABLE_OBJC_ARC = YES;
				CLANG_WARN_BOOL_CONVERSION = YES;
				CLANG_WARN_CONSTANT_CONVERSION = YES;
				CLANG_WARN_DIRECT_OBJC_ISA_USAGE = YES_ERROR;
				CLANG_WARN_EMPTY_BODY = YES;
				CLANG_WARN_ENUM_CONVERSION = YES;
				CLANG_WARN_INT_CONVERSION = YES;
				CLANG_WARN_OBJC_ROOT_CLASS = YES_ERROR;
				CLANG_WARN_UNREACHABLE_CODE = YES;
				CLANG_WARN__DUPLICATE_METHOD_MATCH = YES;
				"CODE_SIGN_IDENTITY[sdk=iphoneos*]" = "iPhone Developer";
				COPY_PHASE_STRIP = NO;
				DEBUG_INFORMATION_FORMAT = "dwarf-with-dsym";
				ENABLE_NS_ASSERTIONS = NO;
				ENABLE_STRICT_OBJC_MSGSEND = YES;
				GCC_C_LANGUAGE_STANDARD = gnu99;
				GCC_NO_COMMON_BLOCKS = YES;
				GCC_WARN_64_TO_32_BIT_CONVERSION = YES;
				GCC_WARN_ABOUT_RETURN_TYPE = YES_ERROR;
				GCC_WARN_UNDECLARED_SELECTOR = YES;
				GCC_WARN_UNINITIALIZED_AUTOS = YES_AGGRESSIVE;
				GCC_WARN_UNUSED_FUNCTION = YES;
				GCC_WARN_UNUSED_VARIABLE = YES;
				IPHONEOS_DEPLOYMENT_TARGET = 9.3;
				MTL_ENABLE_DEBUG_INFO = NO;
				SDKROOT = iphoneos;
				TARGETED_DEVICE_FAMILY = "1,2";
				VALIDATE_PRODUCT = YES;
			};
			name = Release;
		};
		9957BE6B1D093F35009EAE38 /* Debug */ = {
			isa = XCBuildConfiguration;
			buildSettings = {
				ASSETCATALOG_COMPILER_APPICON_NAME = AppIcon;
				INFOPLIST_FILE = firstDemoProject/Info.plist;
				LD_RUNPATH_SEARCH_PATHS = "$(inherited) @executable_path/Frameworks";
				PRODUCT_BUNDLE_IDENTIFIER = com.ambab.firstDemoProject;
				PRODUCT_NAME = "$(TARGET_NAME)";
			};
			name = Debug;
		};
		9957BE6C1D093F35009EAE38 /* Release */ = {
			isa = XCBuildConfiguration;
			buildSettings = {
				ASSETCATALOG_COMPILER_APPICON_NAME = AppIcon;
				INFOPLIST_FILE = firstDemoProject/Info.plist;
				LD_RUNPATH_SEARCH_PATHS = "$(inherited) @executable_path/Frameworks";
				PRODUCT_BUNDLE_IDENTIFIER = com.ambab.firstDemoProject;
				PRODUCT_NAME = "$(TARGET_NAME)";
			};
			name = Release;
		};
		9957BE6E1D093F35009EAE38 /* Debug */ = {
			isa = XCBuildConfiguration;
			buildSettings = {
				BUNDLE_LOADER = "$(TEST_HOST)";
				INFOPLIST_FILE = firstDemoProjectTests/Info.plist;
				LD_RUNPATH_SEARCH_PATHS = "$(inherited) @executable_path/Frameworks @loader_path/Frameworks";
				PRODUCT_BUNDLE_IDENTIFIER = com.ambab.firstDemoProjectTests;
				PRODUCT_NAME = "$(TARGET_NAME)";
				TEST_HOST = "$(BUILT_PRODUCTS_DIR)/firstDemoProject.app/firstDemoProject";
			};
			name = Debug;
		};
		9957BE6F1D093F35009EAE38 /* Release */ = {
			isa = XCBuildConfiguration;
			buildSettings = {
				BUNDLE_LOADER = "$(TEST_HOST)";
				INFOPLIST_FILE = firstDemoProjectTests/Info.plist;
				LD_RUNPATH_SEARCH_PATHS = "$(inherited) @executable_path/Frameworks @loader_path/Frameworks";
				PRODUCT_BUNDLE_IDENTIFIER = com.ambab.firstDemoProjectTests;
				PRODUCT_NAME = "$(TARGET_NAME)";
				TEST_HOST = "$(BUILT_PRODUCTS_DIR)/firstDemoProject.app/firstDemoProject";
			};
			name = Release;
		};
		9957BE711D093F35009EAE38 /* Debug */ = {
			isa = XCBuildConfiguration;
			buildSettings = {
				INFOPLIST_FILE = firstDemoProjectUITests/Info.plist;
				LD_RUNPATH_SEARCH_PATHS = "$(inherited) @executable_path/Frameworks @loader_path/Frameworks";
				PRODUCT_BUNDLE_IDENTIFIER = com.ambab.firstDemoProjectUITests;
				PRODUCT_NAME = "$(TARGET_NAME)";
				TEST_TARGET_NAME = firstDemoProject;
			};
			name = Debug;
		};
		9957BE721D093F35009EAE38 /* Release */ = {
			isa = XCBuildConfiguration;
			buildSettings = {
				INFOPLIST_FILE = firstDemoProjectUITests/Info.plist;
				LD_RUNPATH_SEARCH_PATHS = "$(inherited) @executable_path/Frameworks @loader_path/Frameworks";
				PRODUCT_BUNDLE_IDENTIFIER = com.ambab.firstDemoProjectUITests;
				PRODUCT_NAME = "$(TARGET_NAME)";
				TEST_TARGET_NAME = firstDemoProject;
			};
			name = Release;
		};
/* End XCBuildConfiguration section */

/* Begin XCConfigurationList section */
		9957BE381D093F34009EAE38 /* Build configuration list for PBXProject "firstDemoProject" */ = {
			isa = XCConfigurationList;
			buildConfigurations = (
				9957BE681D093F35009EAE38 /* Debug */,
				9957BE691D093F35009EAE38 /* Release */,
			);
			defaultConfigurationIsVisible = 0;
			defaultConfigurationName = Release;
		};
		9957BE6A1D093F35009EAE38 /* Build configuration list for PBXNativeTarget "firstDemoProject" */ = {
			isa = XCConfigurationList;
			buildConfigurations = (
				9957BE6B1D093F35009EAE38 /* Debug */,
				9957BE6C1D093F35009EAE38 /* Release */,
			);
			defaultConfigurationIsVisible = 0;
		};
		9957BE6D1D093F35009EAE38 /* Build configuration list for PBXNativeTarget "firstDemoProjectTests" */ = {
			isa = XCConfigurationList;
			buildConfigurations = (
				9957BE6E1D093F35009EAE38 /* Debug */,
				9957BE6F1D093F35009EAE38 /* Release */,
			);
			defaultConfigurationIsVisible = 0;
		};
		9957BE701D093F35009EAE38 /* Build configuration list for PBXNativeTarget "firstDemoProjectUITests" */ = {
			isa = XCConfigurationList;
			buildConfigurations = (
				9957BE711D093F35009EAE38 /* Debug */,
				9957BE721D093F35009EAE38 /* Release */,
			);
			defaultConfigurationIsVisible = 0;
		};
/* End XCConfigurationList section */
	};
	rootObject = 9957BE351D093F34009EAE38 /* Project object */;
}
